
Microsoft Visual Studio Solution File, Format Version 12.00
# Blend for Visual Studio 15
VisualStudioVersion = 15.0.28307.102
MinimumVisualStudioVersion = 10.0.40219.1
Project("{FAE04EC0-301F-11D3-BF4B-00C04F79EFBC}") = "MergedDictionaries", "MergedDictionaries\MergedDictionaries.csproj", "{360C0956-2D6A-41B7-BC7F-A3EC84C966CF}"
EndProject
Global
	GlobalSection(SolutionConfigurationPlatforms) = preSolution
		Debug|Any CPU = Debug|Any CPU
		Release|Any CPU = Release|Any CPU
	EndGlobalSection
	GlobalSection(ProjectConfigurationPlatforms) = postSolution
		{360C0956-2D6A-41B7-BC7F-A3EC84C966CF}.Debug|Any CPU.ActiveCfg = Debug|x86
		{360C0956-2D6A-41B7-BC7F-A3EC84C966CF}.Debug|Any CPU.Build.0 = Debug|x86
		{360C0956-2D6A-41B7-BC7F-A3EC84C966CF}.Release|Any CPU.ActiveCfg = Debug|x86
		{360C0956-2D6A-41B7-BC7F-A3EC84C966CF}.Release|Any CPU.Build.0 = Debug|x86
	EndGlobalSection
	GlobalSection(SolutionProperties) = preSolution
		HideSolutionNode = FALSE
	EndGlobalSection
	GlobalSection(ExtensibilityGlobals) = postSolution
		SolutionGuid = {63B982AF-A579-4FAC-9BB1-E5020FB56CAE}
	EndGlobalSection
EndGlobal
